
Microsoft Visual Studio Solution File, Format Version 12.00
# Visual Studio Version 16
VisualStudioVersion = 16.0.30011.22
MinimumVisualStudioVersion = 10.0.40219.1
Project("{FAE04EC0-301F-11D3-BF4B-00C04F79EFBC}") = "F.Kill4Xp", "F.Kill4Xp.csproj", "{139F7845-0B2F-4183-A1DF-4E7D4DFF0DE0}"
EndProject
Global
	GlobalSection(SolutionConfigurationPlatforms) = preSolution
		Debug|Any CPU = Debug|Any CPU
		Release|Any CPU = Release|Any CPU
	EndGlobalSection
	GlobalSection(ProjectConfigurationPlatforms) = postSolution
		{139F7845-0B2F-4183-A1DF-4E7D4DFF0DE0}.Debug|Any CPU.ActiveCfg = Debug|Any CPU
		{139F7845-0B2F-4183-A1DF-4E7D4DFF0DE0}.Debug|Any CPU.Build.0 = Debug|Any CPU
		{139F7845-0B2F-4183-A1DF-4E7D4DFF0DE0}.Release|Any CPU.ActiveCfg = Release|Any CPU
		{139F7845-0B2F-4183-A1DF-4E7D4DFF0DE0}.Release|Any CPU.Build.0 = Release|Any CPU
	EndGlobalSection
	GlobalSection(SolutionProperties) = preSolution
		HideSolutionNode = FALSE
	EndGlobalSection
	GlobalSection(ExtensibilityGlobals) = postSolution
		SolutionGuid = {884DB336-6224-45B4-A6CB-B959DBED2E0E}
	EndGlobalSection
EndGlobal
